
Microsoft Visual Studio Solution File, Format Version 12.00
# Visual Studio Version 17
VisualStudioVersion = 17.14.36109.1 d17.14
MinimumVisualStudioVersion = 10.0.40219.1
Project("{FAE04EC0-301F-11D3-BF4B-00C04F79EFBC}") = "Learn4_Exception_Handling", "Learn4_Exception_Handling.csproj", "{04077B92-CC06-419A-9967-478CC9D105EF}"
EndProject
Global
	GlobalSection(SolutionConfigurationPlatforms) = preSolution
		Debug|Any CPU = Debug|Any CPU
		Release|Any CPU = Release|Any CPU
	EndGlobalSection
	GlobalSection(ProjectConfigurationPlatforms) = postSolution
		{04077B92-CC06-419A-9967-478CC9D105EF}.Debug|Any CPU.ActiveCfg = Debug|Any CPU
		{04077B92-CC06-419A-9967-478CC9D105EF}.Debug|Any CPU.Build.0 = Debug|Any CPU
		{04077B92-CC06-419A-9967-478CC9D105EF}.Release|Any CPU.ActiveCfg = Release|Any CPU
		{04077B92-CC06-419A-9967-478CC9D105EF}.Release|Any CPU.Build.0 = Release|Any CPU
	EndGlobalSection
	GlobalSection(SolutionProperties) = preSolution
		HideSolutionNode = FALSE
	EndGlobalSection
	GlobalSection(ExtensibilityGlobals) = postSolution
		SolutionGuid = {183A0FBF-AD1E-4C6C-ABC7-77526A8C801A}
	EndGlobalSection
EndGlobal
